
Microsoft Visual Studio Solution File, Format Version 12.00
# Visual Studio Version 17
VisualStudioVersion = 17.13.35919.96
MinimumVisualStudioVersion = 10.0.40219.1
Project("{FAE04EC0-301F-11D3-BF4B-00C04F79EFBC}") = "Menova", "Menova.csproj", "{ABA9196B-5306-40A3-A2A4-AC032DC3D01D}"
EndProject
Global
	GlobalSection(SolutionConfigurationPlatforms) = preSolution
		Debug|Any CPU = Debug|Any CPU
		Release|Any CPU = Release|Any CPU
	EndGlobalSection
	GlobalSection(ProjectConfigurationPlatforms) = postSolution
		{ABA9196B-5306-40A3-A2A4-AC032DC3D01D}.Debug|Any CPU.ActiveCfg = Debug|Any CPU
		{ABA9196B-5306-40A3-A2A4-AC032DC3D01D}.Debug|Any CPU.Build.0 = Debug|Any CPU
		{ABA9196B-5306-40A3-A2A4-AC032DC3D01D}.Release|Any CPU.ActiveCfg = Release|Any CPU
		{ABA9196B-5306-40A3-A2A4-AC032DC3D01D}.Release|Any CPU.Build.0 = Release|Any CPU
	EndGlobalSection
	GlobalSection(SolutionProperties) = preSolution
		HideSolutionNode = FALSE
	EndGlobalSection
	GlobalSection(ExtensibilityGlobals) = postSolution
		SolutionGuid = {9FEDD7BA-ED46-4DF0-BBE0-7A69AD0E7F06}
	EndGlobalSection
EndGlobal
